
Microsoft Visual Studio Solution File, Format Version 12.00
# Visual Studio 15
VisualStudioVersion = 15.0.28010.2050
MinimumVisualStudioVersion = 10.0.40219.1
Project("{9A19103F-16F7-4668-BE54-9A1E7A4F7556}") = "ConsoleAppCore", "ConsoleAppCore\ConsoleAppCore.csproj", "{3CEDEAB7-4B68-46FE-A520-C239AF9523A6}"
EndProject
Global
	GlobalSection(SolutionConfigurationPlatforms) = preSolution
		Debug|Any CPU = Debug|Any CPU
		Release|Any CPU = Release|Any CPU
	EndGlobalSection
	GlobalSection(ProjectConfigurationPlatforms) = postSolution
		{3CEDEAB7-4B68-46FE-A520-C239AF9523A6}.Debug|Any CPU.ActiveCfg = Debug|Any CPU
		{3CEDEAB7-4B68-46FE-A520-C239AF9523A6}.Debug|Any CPU.Build.0 = Debug|Any CPU
		{3CEDEAB7-4B68-46FE-A520-C239AF9523A6}.Release|Any CPU.ActiveCfg = Release|Any CPU
		{3CEDEAB7-4B68-46FE-A520-C239AF9523A6}.Release|Any CPU.Build.0 = Release|Any CPU
	EndGlobalSection
	GlobalSection(SolutionProperties) = preSolution
		HideSolutionNode = FALSE
	EndGlobalSection
	GlobalSection(ExtensibilityGlobals) = postSolution
		SolutionGuid = {3E30A513-D7A7-4D18-A733-2A07CDB96631}
	EndGlobalSection
EndGlobal
